Microsoft Visual Studio Solution File, Format Version 10.00
# Visual Studio 2008
Project("{2150E333-8FDC-42A3-9474-1A3956D46DE8}") = "Solution Items", "Solution Items", "{1AF87FFD-5033-477B-8D89-D171FBD77D7D}"
	ProjectSection(SolutionItems) = preProject
		GUITester.vsmdi = GUITester.vsmdi
		localtestrun.testrunconfig = localtestrun.testrunconfig
	EndProjectSection
EndProject
Project("{FAE04EC0-301F-11D3-BF4B-00C04F79EFBC}") = "CSharpSampleApp", "SampleApp\CSharpSampleApp.csproj", "{1FC40C7E-F242-4DC1-8971-AF2C85C619AD}"
EndProject
Project("{FAE04EC0-301F-11D3-BF4B-00C04F79EFBC}") = "GUITestHarness", "TestHarness\GUITestHarness.csproj", "{CD94A14E-89D6-4511-90FC-0030E0FF17E5}"
EndProject
Project("{FAE04EC0-301F-11D3-BF4B-00C04F79EFBC}") = "GUITestAttributes", "GUITestAttributes\GUITestAttributes.csproj", "{EBDD23E8-954B-4C33-B16D-99B66327FAB6}"
EndProject
Project("{FAE04EC0-301F-11D3-BF4B-00C04F79EFBC}") = "GUITestFramework", "GUITestLibrary\GUITestFramework.csproj", "{8101C6C6-3D13-425A-BA36-69CF8FCACCDF}"
EndProject
Project("{FAE04EC0-301F-11D3-BF4B-00C04F79EFBC}") = "ConsoleTestHarness", "ConsoleTestHarness\ConsoleTestHarness.csproj", "{EC031F61-5C7B-4839-9786-F765E82DAC6B}"
EndProject
Project("{F184B08F-C81C-45F6-A57F-5ABD9991F28F}") = "VBSampleApplication", "VBSampleApplication\VBSampleApplication.vbproj", "{CD174598-415C-4DC4-82A3-15DDF133787B}"
EndProject
Project("{FAE04EC0-301F-11D3-BF4B-00C04F79EFBC}") = "TestProject", "TestProject\TestProject.csproj", "{836815C1-3762-47C6-A43F-AC657A2DDC16}"
EndProject
Global
	GlobalSection(TeamFoundationVersionControl) = preSolution
		SccNumberOfProjects = 8
		SccEnterpriseProvider = {4CA58AB2-18FA-4F8D-95D4-32DDF27D184C}
		SccTeamFoundationServer = https://tfs03.codeplex.com/
		SccLocalPath0 = .
		SccProjectUniqueName1 = ConsoleTestHarness\\ConsoleTestHarness.csproj
		SccProjectName1 = ConsoleTestHarness
		SccLocalPath1 = ConsoleTestHarness
		SccProjectUniqueName2 = GUITestAttributes\\GUITestAttributes.csproj
		SccProjectName2 = GUITestAttributes
		SccLocalPath2 = GUITestAttributes
		SccProjectUniqueName3 = GUITestLibrary\\GUITestFramework.csproj
		SccProjectName3 = GUITestLibrary
		SccLocalPath3 = GUITestLibrary
		SccProjectUniqueName4 = SampleApp\\CSharpSampleApp.csproj
		SccProjectName4 = SampleApp
		SccLocalPath4 = SampleApp
		SccProjectUniqueName5 = TestHarness\\GUITestHarness.csproj
		SccProjectName5 = TestHarness
		SccLocalPath5 = TestHarness
		SccProjectUniqueName6 = TestProject\\TestProject.csproj
		SccProjectName6 = TestProject
		SccLocalPath6 = TestProject
		SccProjectUniqueName7 = VBSampleApplication\\VBSampleApplication.vbproj
		SccProjectName7 = VBSampleApplication
		SccLocalPath7 = VBSampleApplication
	EndGlobalSection
	GlobalSection(SolutionConfigurationPlatforms) = preSolution
		Debug|Any CPU = Debug|Any CPU
		Release|Any CPU = Release|Any CPU
	EndGlobalSection
	GlobalSection(ProjectConfigurationPlatforms) = postSolution
		{1FC40C7E-F242-4DC1-8971-AF2C85C619AD}.Debug|Any CPU.ActiveCfg = Debug|Any CPU
		{1FC40C7E-F242-4DC1-8971-AF2C85C619AD}.Debug|Any CPU.Build.0 = Debug|Any CPU
		{1FC40C7E-F242-4DC1-8971-AF2C85C619AD}.Release|Any CPU.ActiveCfg = Release|Any CPU
		{1FC40C7E-F242-4DC1-8971-AF2C85C619AD}.Release|Any CPU.Build.0 = Release|Any CPU
		{CD94A14E-89D6-4511-90FC-0030E0FF17E5}.Debug|Any CPU.ActiveCfg = Debug|Any CPU
		{CD94A14E-89D6-4511-90FC-0030E0FF17E5}.Debug|Any CPU.Build.0 = Debug|Any CPU
		{CD94A14E-89D6-4511-90FC-0030E0FF17E5}.Release|Any CPU.ActiveCfg = Release|Any CPU
		{CD94A14E-89D6-4511-90FC-0030E0FF17E5}.Release|Any CPU.Build.0 = Release|Any CPU
		{EBDD23E8-954B-4C33-B16D-99B66327FAB6}.Debug|Any CPU.ActiveCfg = Debug|Any CPU
		{EBDD23E8-954B-4C33-B16D-99B66327FAB6}.Debug|Any CPU.Build.0 = Debug|Any CPU
		{EBDD23E8-954B-4C33-B16D-99B66327FAB6}.Release|Any CPU.ActiveCfg = Release|Any CPU
		{EBDD23E8-954B-4C33-B16D-99B66327FAB6}.Release|Any CPU.Build.0 = Release|Any CPU
		{8101C6C6-3D13-425A-BA36-69CF8FCACCDF}.Debug|Any CPU.ActiveCfg = Debug|Any CPU
		{8101C6C6-3D13-425A-BA36-69CF8FCACCDF}.Debug|Any CPU.Build.0 = Debug|Any CPU
		{8101C6C6-3D13-425A-BA36-69CF8FCACCDF}.Release|Any CPU.ActiveCfg = Release|Any CPU
		{8101C6C6-3D13-425A-BA36-69CF8FCACCDF}.Release|Any CPU.Build.0 = Release|Any CPU
		{EC031F61-5C7B-4839-9786-F765E82DAC6B}.Debug|Any CPU.ActiveCfg = Debug|Any CPU
		{EC031F61-5C7B-4839-9786-F765E82DAC6B}.Debug|Any CPU.Build.0 = Debug|Any CPU
		{EC031F61-5C7B-4839-9786-F765E82DAC6B}.Release|Any CPU.ActiveCfg = Release|Any CPU
		{EC031F61-5C7B-4839-9786-F765E82DAC6B}.Release|Any CPU.Build.0 = Release|Any CPU
		{CD174598-415C-4DC4-82A3-15DDF133787B}.Debug|Any CPU.ActiveCfg = Debug|Any CPU
		{CD174598-415C-4DC4-82A3-15DDF133787B}.Debug|Any CPU.Build.0 = Debug|Any CPU
		{CD174598-415C-4DC4-82A3-15DDF133787B}.Release|Any CPU.ActiveCfg = Release|Any CPU
		{CD174598-415C-4DC4-82A3-15DDF133787B}.Release|Any CPU.Build.0 = Release|Any CPU
		{836815C1-3762-47C6-A43F-AC657A2DDC16}.Debug|Any CPU.ActiveCfg = Debug|Any CPU
		{836815C1-3762-47C6-A43F-AC657A2DDC16}.Debug|Any CPU.Build.0 = Debug|Any CPU
		{836815C1-3762-47C6-A43F-AC657A2DDC16}.Release|Any CPU.ActiveCfg = Release|Any CPU
		{836815C1-3762-47C6-A43F-AC657A2DDC16}.Release|Any CPU.Build.0 = Release|Any CPU
	EndGlobalSection
	GlobalSection(SolutionProperties) = preSolution
		HideSolutionNode = FALSE
	EndGlobalSection
EndGlobal
